{
    "version": 3,
    "terraform_version": "0.11.13",
    "serial": 5,
    "lineage": "71e6f77a-f91e-ee9f-25ec-4551b918a11b",
    "modules": [
        {
            "path": [
                "root"
            ],
            "outputs": {},
            "resources": {
                "aws_instance.example": {
                    "type": "aws_instance",
                    "depends_on": [],
                    "primary": {
                        "id": "i-0202aad142ad4084e",
                        "attributes": {
                            "ami": "ami-898dd9b9",
                            "arn": "arn:aws:ec2:us-west-2:172894137042:instance/i-0202aad142ad4084e",
                            "associate_public_ip_address": "true",
                            "availability_zone": "us-west-2b",
                            "cpu_core_count": "1",
                            "cpu_threads_per_core": "1",
                            "credit_specification.#": "1",
                            "credit_specification.0.cpu_credits": "standard",
                            "disable_api_termination": "false",
                            "ebs_block_device.#": "0",
                            "ebs_optimized": "false",
                            "ephemeral_block_device.#": "0",
                            "get_password_data": "false",
                            "iam_instance_profile": "",
                            "id": "i-0202aad142ad4084e",
                            "instance_state": "running",
                            "instance_type": "t2.micro",
                            "ipv6_addresses.#": "0",
                            "key_name": "",
                            "monitoring": "false",
                            "network_interface.#": "0",
                            "password_data": "",
                            "placement_group": "",
                            "primary_network_interface_id": "eni-0c56bfcd9f66f1f1d",
                            "private_dns": "ip-172-31-25-33.us-west-2.compute.internal",
                            "private_ip": "172.31.25.33",
                            "public_dns": "ec2-54-213-154-150.us-west-2.compute.amazonaws.com",
                            "public_ip": "54.213.154.150",
                            "root_block_device.#": "1",
                            "root_block_device.0.delete_on_termination": "true",
                            "root_block_device.0.iops": "100",
                            "root_block_device.0.volume_id": "vol-08653984c42ef0e4e",
                            "root_block_device.0.volume_size": "8",
                            "root_block_device.0.volume_type": "gp2",
                            "security_groups.#": "1",
                            "security_groups.3814588639": "default",
                            "source_dest_check": "true",
                            "subnet_id": "subnet-f5b8858c",
                            "tags.%": "0",
                            "tenancy": "default",
                            "volume_tags.%": "0",
                            "vpc_security_group_ids.#": "1",
                            "vpc_security_group_ids.2411368559": "sg-19896f52"
                        },
                        "meta": {
                            "e2bfb730-ecaa-11e6-8f88-34363bc7c4c0": {
                                "create": 600000000000,
                                "delete": 1200000000000,
                                "update": 600000000000
                            },
                            "schema_version": "1"
                        },
                        "tainted": false
                    },
                    "deposed": [],
                    "provider": "provider.aws"
                }
            },
            "depends_on": []
        }
    ]
}
